
Microsoft Visual Studio Solution File, Format Version 12.00
# Visual Studio Version 17
VisualStudioVersion = 17.7.34031.279
MinimumVisualStudioVersion = 10.0.40219.1
Project("{FAE04EC0-301F-11D3-BF4B-00C04F79EFBC}") = "BankReference", "BankReference.csproj", "{6B127636-B886-475D-983A-2680A3B75082}"
EndProject
Global
	GlobalSection(SolutionConfigurationPlatforms) = preSolution
		Debug|Any CPU = Debug|Any CPU
		Release|Any CPU = Release|Any CPU
	EndGlobalSection
	GlobalSection(ProjectConfigurationPlatforms) = postSolution
		{6B127636-B886-475D-983A-2680A3B75082}.Debug|Any CPU.ActiveCfg = Debug|Any CPU
		{6B127636-B886-475D-983A-2680A3B75082}.Debug|Any CPU.Build.0 = Debug|Any CPU
		{6B127636-B886-475D-983A-2680A3B75082}.Release|Any CPU.ActiveCfg = Release|Any CPU
		{6B127636-B886-475D-983A-2680A3B75082}.Release|Any CPU.Build.0 = Release|Any CPU
	EndGlobalSection
	GlobalSection(SolutionProperties) = preSolution
		HideSolutionNode = FALSE
	EndGlobalSection
	GlobalSection(ExtensibilityGlobals) = postSolution
		SolutionGuid = {BAF53BF8-F67D-409D-86C4-1B520EA8A4B5}
	EndGlobalSection
EndGlobal
